
Microsoft Visual Studio Solution File, Format Version 12.00
# Visual Studio Version 17
VisualStudioVersion = 17.14.36511.14 d17.14
MinimumVisualStudioVersion = 10.0.40219.1
Project("{FAE04EC0-301F-11D3-BF4B-00C04F79EFBC}") = "Apk Decompiler", "Apk Decompiler.csproj", "{5CEB5E66-6661-4395-A08B-CBACFFE76531}"
EndProject
Global
	GlobalSection(SolutionConfigurationPlatforms) = preSolution
		Debug|Any CPU = Debug|Any CPU
		Release|Any CPU = Release|Any CPU
	EndGlobalSection
	GlobalSection(ProjectConfigurationPlatforms) = postSolution
		{5CEB5E66-6661-4395-A08B-CBACFFE76531}.Debug|Any CPU.ActiveCfg = Debug|Any CPU
		{5CEB5E66-6661-4395-A08B-CBACFFE76531}.Debug|Any CPU.Build.0 = Debug|Any CPU
		{5CEB5E66-6661-4395-A08B-CBACFFE76531}.Release|Any CPU.ActiveCfg = Release|Any CPU
		{5CEB5E66-6661-4395-A08B-CBACFFE76531}.Release|Any CPU.Build.0 = Release|Any CPU
	EndGlobalSection
	GlobalSection(SolutionProperties) = preSolution
		HideSolutionNode = FALSE
	EndGlobalSection
	GlobalSection(ExtensibilityGlobals) = postSolution
		SolutionGuid = {8C22BFCB-6EF1-4AA3-8361-10061F047DFF}
	EndGlobalSection
EndGlobal
